
Microsoft Visual Studio Solution File, Format Version 12.00
# Visual Studio 15
VisualStudioVersion = 15.0.27703.2000
MinimumVisualStudioVersion = 10.0.40219.1
Project("{FAE04EC0-301F-11D3-BF4B-00C04F79EFBC}") = "ConstructTrie", "ConstructTrie\ConstructTrie.csproj", "{1EA08183-A3BF-4073-809C-A96427D59D4B}"
EndProject
Global
	GlobalSection(SolutionConfigurationPlatforms) = preSolution
		Debug|Any CPU = Debug|Any CPU
		Release|Any CPU = Release|Any CPU
	EndGlobalSection
	GlobalSection(ProjectConfigurationPlatforms) = postSolution
		{1EA08183-A3BF-4073-809C-A96427D59D4B}.Debug|Any CPU.ActiveCfg = Debug|Any CPU
		{1EA08183-A3BF-4073-809C-A96427D59D4B}.Debug|Any CPU.Build.0 = Debug|Any CPU
		{1EA08183-A3BF-4073-809C-A96427D59D4B}.Release|Any CPU.ActiveCfg = Release|Any CPU
		{1EA08183-A3BF-4073-809C-A96427D59D4B}.Release|Any CPU.Build.0 = Release|Any CPU
	EndGlobalSection
	GlobalSection(SolutionProperties) = preSolution
		HideSolutionNode = FALSE
	EndGlobalSection
	GlobalSection(ExtensibilityGlobals) = postSolution
		SolutionGuid = {34800FDF-073C-45F0-BD51-EDAAB7A06926}
	EndGlobalSection
EndGlobal
